{
  "name": "3d_ray",
  "version": "1.0.0",
  "lockfileVersion": 3,
  "requires": true,
  "packages": {
    "": {
      "name": "3d_ray",
      "version": "1.0.0",
      "license": "MIT",
      "devDependencies": {
        "@tsconfig/recommended": "^1.0.7",
        "typescript": "^5.5.4"
      }
    },
    "node_modules/@tsconfig/recommended": {
      "version": "1.0.7",
      "resolved": "https://registry.npmjs.org/@tsconfig/recommended/-/recommended-1.0.7.tgz",
      "integrity": "sha512-xiNMgCuoy4mCL4JTywk9XFs5xpRUcKxtWEcMR6FNMtsgewYTIgIR+nvlP4A4iRCAzRsHMnPhvTRrzp4AGcRTEA==",
      "dev": true
    },
    "node_modules/typescript": {
      "version": "5.5.4",
      "resolved": "https://registry.npmjs.org/typescript/-/typescript-5.5.4.tgz",
      "integrity": "sha512-Mtq29sKDAEYP7aljRgtPOpTvOfbwRWlS6dPRzwjdE+C0R4brX/GUyhHSecbHMFLNBLcJIPt9nl9yG5TZ1weH+Q==",
      "dev": true,
      "bin": {
        "tsc": "bin/tsc",
        "tsserver": "bin/tsserver"
      },
      "engines": {
        "node": ">=14.17"
      }
    }
  }
}
